
Microsoft Visual Studio Solution File, Format Version 12.00
# Visual Studio Version 17
VisualStudioVersion = 17.0.31903.59
MinimumVisualStudioVersion = 10.0.40219.1
Project("{2150E333-8FDC-42A3-9474-1A3956D46DE8}") = "src", "src", "{827E0CD3-B72D-47B6-A68D-7590B98EB39B}"
EndProject
Project("{FAE04EC0-301F-11D3-BF4B-00C04F79EFBC}") = "DokTrino.Domain", "src\DokTrino.Domain\DokTrino.Domain.csproj", "{048E2030-C689-49F1-B7EE-50AE8E6744EC}"
EndProject
Project("{FAE04EC0-301F-11D3-BF4B-00C04F79EFBC}") = "DokTrino.Application", "src\DokTrino.Application\DokTrino.Application.csproj", "{7BE88DEF-7B39-42B2-919B-57CB94503E29}"
EndProject
Project("{FAE04EC0-301F-11D3-BF4B-00C04F79EFBC}") = "DokTrino.Infrastructure", "src\DokTrino.Infrastructure\DokTrino.Infrastructure.csproj", "{7D7E3B03-B59C-4472-B006-803C395043A8}"
EndProject
Project("{FAE04EC0-301F-11D3-BF4B-00C04F79EFBC}") = "DokTrino.Shared", "src\DokTrino.Shared\DokTrino.Shared.csproj", "{B8E12DB5-4A80-473B-8C45-AF5EDFB9D1E8}"
EndProject
Project("{FAE04EC0-301F-11D3-BF4B-00C04F79EFBC}") = "DokTrino.Api", "src\DokTrino.Api\DokTrino.Api.csproj", "{368E9902-DD89-4EBF-BA5E-E3F503BADCFE}"
EndProject
Project("{FAE04EC0-301F-11D3-BF4B-00C04F79EFBC}") = "DokTrino.SuperAdmin", "src\DokTrino.SuperAdmin\DokTrino.SuperAdmin.csproj", "{63705F69-76AD-4D41-AA19-5CA4A0AA72F6}"
EndProject
Project("{FAE04EC0-301F-11D3-BF4B-00C04F79EFBC}") = "DokTrino.Workers", "src\DokTrino.Workers\DokTrino.Workers.csproj", "{6920C40C-2FA5-4875-BF8B-690E14A3F4A2}"
EndProject
Project("{2150E333-8FDC-42A3-9474-1A3956D46DE8}") = "tests", "tests", "{0AB3BF05-4346-4AA6-1389-037BE0695223}"
EndProject
Project("{FAE04EC0-301F-11D3-BF4B-00C04F79EFBC}") = "DokTrino.Domain.Tests", "tests\DokTrino.Domain.Tests\DokTrino.Domain.Tests.csproj", "{2C463D30-9928-4AC9-A2B0-DFD1E3BAF2DF}"
EndProject
Project("{FAE04EC0-301F-11D3-BF4B-00C04F79EFBC}") = "DokTrino.Application.Tests", "tests\DokTrino.Application.Tests\DokTrino.Application.Tests.csproj", "{B31EC5A2-5725-4067-A23B-4799A16323B4}"
EndProject
Project("{FAE04EC0-301F-11D3-BF4B-00C04F79EFBC}") = "DokTrino.Integration.Tests", "tests\DokTrino.Integration.Tests\DokTrino.Integration.Tests.csproj", "{92175FCB-8B5B-40EF-8181-606BB204A3E8}"
EndProject
Project("{2150E333-8FDC-42A3-9474-1A3956D46DE8}") = "DokTrino.Web", "DokTrino.Web", "{5771F40E-8DA4-C0C8-48AF-A44DF9361AD3}"
EndProject
Project("{FAE04EC0-301F-11D3-BF4B-00C04F79EFBC}") = "DokTrino.Web", "src\DokTrino.Web\DokTrino.Web\DokTrino.Web.csproj", "{E5396D8C-6391-4CE8-97FB-755A4335E7B7}"
EndProject
Project("{FAE04EC0-301F-11D3-BF4B-00C04F79EFBC}") = "DokTrino.Web.Client", "src\DokTrino.Web\DokTrino.Web.Client\DokTrino.Web.Client.csproj", "{7E75A644-E0E6-47BC-9FF0-21E66059B442}"
EndProject
Global
	GlobalSection(SolutionConfigurationPlatforms) = preSolution
		Debug|Any CPU = Debug|Any CPU
		Debug|x64 = Debug|x64
		Debug|x86 = Debug|x86
		Release|Any CPU = Release|Any CPU
		Release|x64 = Release|x64
		Release|x86 = Release|x86
	EndGlobalSection
	GlobalSection(ProjectConfigurationPlatforms) = postSolution
		{048E2030-C689-49F1-B7EE-50AE8E6744EC}.Debug|Any CPU.ActiveCfg = Debug|Any CPU
		{048E2030-C689-49F1-B7EE-50AE8E6744EC}.Debug|Any CPU.Build.0 = Debug|Any CPU
		{048E2030-C689-49F1-B7EE-50AE8E6744EC}.Debug|x64.ActiveCfg = Debug|Any CPU
		{048E2030-C689-49F1-B7EE-50AE8E6744EC}.Debug|x64.Build.0 = Debug|Any CPU
		{048E2030-C689-49F1-B7EE-50AE8E6744EC}.Debug|x86.ActiveCfg = Debug|Any CPU
		{048E2030-C689-49F1-B7EE-50AE8E6744EC}.Debug|x86.Build.0 = Debug|Any CPU
		{048E2030-C689-49F1-B7EE-50AE8E6744EC}.Release|Any CPU.ActiveCfg = Release|Any CPU
		{048E2030-C689-49F1-B7EE-50AE8E6744EC}.Release|Any CPU.Build.0 = Release|Any CPU
		{048E2030-C689-49F1-B7EE-50AE8E6744EC}.Release|x64.ActiveCfg = Release|Any CPU
		{048E2030-C689-49F1-B7EE-50AE8E6744EC}.Release|x64.Build.0 = Release|Any CPU
		{048E2030-C689-49F1-B7EE-50AE8E6744EC}.Release|x86.ActiveCfg = Release|Any CPU
		{048E2030-C689-49F1-B7EE-50AE8E6744EC}.Release|x86.Build.0 = Release|Any CPU
		{7BE88DEF-7B39-42B2-919B-57CB94503E29}.Debug|Any CPU.ActiveCfg = Debug|Any CPU
		{7BE88DEF-7B39-42B2-919B-57CB94503E29}.Debug|Any CPU.Build.0 = Debug|Any CPU
		{7BE88DEF-7B39-42B2-919B-57CB94503E29}.Debug|x64.ActiveCfg = Debug|Any CPU
		{7BE88DEF-7B39-42B2-919B-57CB94503E29}.Debug|x64.Build.0 = Debug|Any CPU
		{7BE88DEF-7B39-42B2-919B-57CB94503E29}.Debug|x86.ActiveCfg = Debug|Any CPU
		{7BE88DEF-7B39-42B2-919B-57CB94503E29}.Debug|x86.Build.0 = Debug|Any CPU
		{7BE88DEF-7B39-42B2-919B-57CB94503E29}.Release|Any CPU.ActiveCfg = Release|Any CPU
		{7BE88DEF-7B39-42B2-919B-57CB94503E29}.Release|Any CPU.Build.0 = Release|Any CPU
		{7BE88DEF-7B39-42B2-919B-57CB94503E29}.Release|x64.ActiveCfg = Release|Any CPU
		{7BE88DEF-7B39-42B2-919B-57CB94503E29}.Release|x64.Build.0 = Release|Any CPU
		{7BE88DEF-7B39-42B2-919B-57CB94503E29}.Release|x86.ActiveCfg = Release|Any CPU
		{7BE88DEF-7B39-42B2-919B-57CB94503E29}.Release|x86.Build.0 = Release|Any CPU
		{7D7E3B03-B59C-4472-B006-803C395043A8}.Debug|Any CPU.ActiveCfg = Debug|Any CPU
		{7D7E3B03-B59C-4472-B006-803C395043A8}.Debug|Any CPU.Build.0 = Debug|Any CPU
		{7D7E3B03-B59C-4472-B006-803C395043A8}.Debug|x64.ActiveCfg = Debug|Any CPU
		{7D7E3B03-B59C-4472-B006-803C395043A8}.Debug|x64.Build.0 = Debug|Any CPU
		{7D7E3B03-B59C-4472-B006-803C395043A8}.Debug|x86.ActiveCfg = Debug|Any CPU
		{7D7E3B03-B59C-4472-B006-803C395043A8}.Debug|x86.Build.0 = Debug|Any CPU
		{7D7E3B03-B59C-4472-B006-803C395043A8}.Release|Any CPU.ActiveCfg = Release|Any CPU
		{7D7E3B03-B59C-4472-B006-803C395043A8}.Release|Any CPU.Build.0 = Release|Any CPU
		{7D7E3B03-B59C-4472-B006-803C395043A8}.Release|x64.ActiveCfg = Release|Any CPU
		{7D7E3B03-B59C-4472-B006-803C395043A8}.Release|x64.Build.0 = Release|Any CPU
		{7D7E3B03-B59C-4472-B006-803C395043A8}.Release|x86.ActiveCfg = Release|Any CPU
		{7D7E3B03-B59C-4472-B006-803C395043A8}.Release|x86.Build.0 = Release|Any CPU
		{B8E12DB5-4A80-473B-8C45-AF5EDFB9D1E8}.Debug|Any CPU.ActiveCfg = Debug|Any CPU
		{B8E12DB5-4A80-473B-8C45-AF5EDFB9D1E8}.Debug|Any CPU.Build.0 = Debug|Any CPU
		{B8E12DB5-4A80-473B-8C45-AF5EDFB9D1E8}.Debug|x64.ActiveCfg = Debug|Any CPU
		{B8E12DB5-4A80-473B-8C45-AF5EDFB9D1E8}.Debug|x64.Build.0 = Debug|Any CPU
		{B8E12DB5-4A80-473B-8C45-AF5EDFB9D1E8}.Debug|x86.ActiveCfg = Debug|Any CPU
		{B8E12DB5-4A80-473B-8C45-AF5EDFB9D1E8}.Debug|x86.Build.0 = Debug|Any CPU
		{B8E12DB5-4A80-473B-8C45-AF5EDFB9D1E8}.Release|Any CPU.ActiveCfg = Release|Any CPU
		{B8E12DB5-4A80-473B-8C45-AF5EDFB9D1E8}.Release|Any CPU.Build.0 = Release|Any CPU
		{B8E12DB5-4A80-473B-8C45-AF5EDFB9D1E8}.Release|x64.ActiveCfg = Release|Any CPU
		{B8E12DB5-4A80-473B-8C45-AF5EDFB9D1E8}.Release|x64.Build.0 = Release|Any CPU
		{B8E12DB5-4A80-473B-8C45-AF5EDFB9D1E8}.Release|x86.ActiveCfg = Release|Any CPU
		{B8E12DB5-4A80-473B-8C45-AF5EDFB9D1E8}.Release|x86.Build.0 = Release|Any CPU
		{368E9902-DD89-4EBF-BA5E-E3F503BADCFE}.Debug|Any CPU.ActiveCfg = Debug|Any CPU
		{368E9902-DD89-4EBF-BA5E-E3F503BADCFE}.Debug|Any CPU.Build.0 = Debug|Any CPU
		{368E9902-DD89-4EBF-BA5E-E3F503BADCFE}.Debug|x64.ActiveCfg = Debug|Any CPU
		{368E9902-DD89-4EBF-BA5E-E3F503BADCFE}.Debug|x64.Build.0 = Debug|Any CPU
		{368E9902-DD89-4EBF-BA5E-E3F503BADCFE}.Debug|x86.ActiveCfg = Debug|Any CPU
		{368E9902-DD89-4EBF-BA5E-E3F503BADCFE}.Debug|x86.Build.0 = Debug|Any CPU
		{368E9902-DD89-4EBF-BA5E-E3F503BADCFE}.Release|Any CPU.ActiveCfg = Release|Any CPU
		{368E9902-DD89-4EBF-BA5E-E3F503BADCFE}.Release|Any CPU.Build.0 = Release|Any CPU
		{368E9902-DD89-4EBF-BA5E-E3F503BADCFE}.Release|x64.ActiveCfg = Release|Any CPU
		{368E9902-DD89-4EBF-BA5E-E3F503BADCFE}.Release|x64.Build.0 = Release|Any CPU
		{368E9902-DD89-4EBF-BA5E-E3F503BADCFE}.Release|x86.ActiveCfg = Release|Any CPU
		{368E9902-DD89-4EBF-BA5E-E3F503BADCFE}.Release|x86.Build.0 = Release|Any CPU
		{63705F69-76AD-4D41-AA19-5CA4A0AA72F6}.Debug|Any CPU.ActiveCfg = Debug|Any CPU
		{63705F69-76AD-4D41-AA19-5CA4A0AA72F6}.Debug|Any CPU.Build.0 = Debug|Any CPU
		{63705F69-76AD-4D41-AA19-5CA4A0AA72F6}.Debug|x64.ActiveCfg = Debug|Any CPU
		{63705F69-76AD-4D41-AA19-5CA4A0AA72F6}.Debug|x64.Build.0 = Debug|Any CPU
		{63705F69-76AD-4D41-AA19-5CA4A0AA72F6}.Debug|x86.ActiveCfg = Debug|Any CPU
		{63705F69-76AD-4D41-AA19-5CA4A0AA72F6}.Debug|x86.Build.0 = Debug|Any CPU
		{63705F69-76AD-4D41-AA19-5CA4A0AA72F6}.Release|Any CPU.ActiveCfg = Release|Any CPU
		{63705F69-76AD-4D41-AA19-5CA4A0AA72F6}.Release|Any CPU.Build.0 = Release|Any CPU
		{63705F69-76AD-4D41-AA19-5CA4A0AA72F6}.Release|x64.ActiveCfg = Release|Any CPU
		{63705F69-76AD-4D41-AA19-5CA4A0AA72F6}.Release|x64.Build.0 = Release|Any CPU
		{63705F69-76AD-4D41-AA19-5CA4A0AA72F6}.Release|x86.ActiveCfg = Release|Any CPU
		{63705F69-76AD-4D41-AA19-5CA4A0AA72F6}.Release|x86.Build.0 = Release|Any CPU
		{6920C40C-2FA5-4875-BF8B-690E14A3F4A2}.Debug|Any CPU.ActiveCfg = Debug|Any CPU
		{6920C40C-2FA5-4875-BF8B-690E14A3F4A2}.Debug|Any CPU.Build.0 = Debug|Any CPU
		{6920C40C-2FA5-4875-BF8B-690E14A3F4A2}.Debug|x64.ActiveCfg = Debug|Any CPU
		{6920C40C-2FA5-4875-BF8B-690E14A3F4A2}.Debug|x64.Build.0 = Debug|Any CPU
		{6920C40C-2FA5-4875-BF8B-690E14A3F4A2}.Debug|x86.ActiveCfg = Debug|Any CPU
		{6920C40C-2FA5-4875-BF8B-690E14A3F4A2}.Debug|x86.Build.0 = Debug|Any CPU
		{6920C40C-2FA5-4875-BF8B-690E14A3F4A2}.Release|Any CPU.ActiveCfg = Release|Any CPU
		{6920C40C-2FA5-4875-BF8B-690E14A3F4A2}.Release|Any CPU.Build.0 = Release|Any CPU
		{6920C40C-2FA5-4875-BF8B-690E14A3F4A2}.Release|x64.ActiveCfg = Release|Any CPU
		{6920C40C-2FA5-4875-BF8B-690E14A3F4A2}.Release|x64.Build.0 = Release|Any CPU
		{6920C40C-2FA5-4875-BF8B-690E14A3F4A2}.Release|x86.ActiveCfg = Release|Any CPU
		{6920C40C-2FA5-4875-BF8B-690E14A3F4A2}.Release|x86.Build.0 = Release|Any CPU
		{2C463D30-9928-4AC9-A2B0-DFD1E3BAF2DF}.Debug|Any CPU.ActiveCfg = Debug|Any CPU
		{2C463D30-9928-4AC9-A2B0-DFD1E3BAF2DF}.Debug|Any CPU.Build.0 = Debug|Any CPU
		{2C463D30-9928-4AC9-A2B0-DFD1E3BAF2DF}.Debug|x64.ActiveCfg = Debug|Any CPU
		{2C463D30-9928-4AC9-A2B0-DFD1E3BAF2DF}.Debug|x64.Build.0 = Debug|Any CPU
		{2C463D30-9928-4AC9-A2B0-DFD1E3BAF2DF}.Debug|x86.ActiveCfg = Debug|Any CPU
		{2C463D30-9928-4AC9-A2B0-DFD1E3BAF2DF}.Debug|x86.Build.0 = Debug|Any CPU
		{2C463D30-9928-4AC9-A2B0-DFD1E3BAF2DF}.Release|Any CPU.ActiveCfg = Release|Any CPU
		{2C463D30-9928-4AC9-A2B0-DFD1E3BAF2DF}.Release|Any CPU.Build.0 = Release|Any CPU
		{2C463D30-9928-4AC9-A2B0-DFD1E3BAF2DF}.Release|x64.ActiveCfg = Release|Any CPU
		{2C463D30-9928-4AC9-A2B0-DFD1E3BAF2DF}.Release|x64.Build.0 = Release|Any CPU
		{2C463D30-9928-4AC9-A2B0-DFD1E3BAF2DF}.Release|x86.ActiveCfg = Release|Any CPU
		{2C463D30-9928-4AC9-A2B0-DFD1E3BAF2DF}.Release|x86.Build.0 = Release|Any CPU
		{B31EC5A2-5725-4067-A23B-4799A16323B4}.Debug|Any CPU.ActiveCfg = Debug|Any CPU
		{B31EC5A2-5725-4067-A23B-4799A16323B4}.Debug|Any CPU.Build.0 = Debug|Any CPU
		{B31EC5A2-5725-4067-A23B-4799A16323B4}.Debug|x64.ActiveCfg = Debug|Any CPU
		{B31EC5A2-5725-4067-A23B-4799A16323B4}.Debug|x64.Build.0 = Debug|Any CPU
		{B31EC5A2-5725-4067-A23B-4799A16323B4}.Debug|x86.ActiveCfg = Debug|Any CPU
		{B31EC5A2-5725-4067-A23B-4799A16323B4}.Debug|x86.Build.0 = Debug|Any CPU
		{B31EC5A2-5725-4067-A23B-4799A16323B4}.Release|Any CPU.ActiveCfg = Release|Any CPU
		{B31EC5A2-5725-4067-A23B-4799A16323B4}.Release|Any CPU.Build.0 = Release|Any CPU
		{B31EC5A2-5725-4067-A23B-4799A16323B4}.Release|x64.ActiveCfg = Release|Any CPU
		{B31EC5A2-5725-4067-A23B-4799A16323B4}.Release|x64.Build.0 = Release|Any CPU
		{B31EC5A2-5725-4067-A23B-4799A16323B4}.Release|x86.ActiveCfg = Release|Any CPU
		{B31EC5A2-5725-4067-A23B-4799A16323B4}.Release|x86.Build.0 = Release|Any CPU
		{92175FCB-8B5B-40EF-8181-606BB204A3E8}.Debug|Any CPU.ActiveCfg = Debug|Any CPU
		{92175FCB-8B5B-40EF-8181-606BB204A3E8}.Debug|Any CPU.Build.0 = Debug|Any CPU
		{92175FCB-8B5B-40EF-8181-606BB204A3E8}.Debug|x64.ActiveCfg = Debug|Any CPU
		{92175FCB-8B5B-40EF-8181-606BB204A3E8}.Debug|x64.Build.0 = Debug|Any CPU
		{92175FCB-8B5B-40EF-8181-606BB204A3E8}.Debug|x86.ActiveCfg = Debug|Any CPU
		{92175FCB-8B5B-40EF-8181-606BB204A3E8}.Debug|x86.Build.0 = Debug|Any CPU
		{92175FCB-8B5B-40EF-8181-606BB204A3E8}.Release|Any CPU.ActiveCfg = Release|Any CPU
		{92175FCB-8B5B-40EF-8181-606BB204A3E8}.Release|Any CPU.Build.0 = Release|Any CPU
		{92175FCB-8B5B-40EF-8181-606BB204A3E8}.Release|x64.ActiveCfg = Release|Any CPU
		{92175FCB-8B5B-40EF-8181-606BB204A3E8}.Release|x64.Build.0 = Release|Any CPU
		{92175FCB-8B5B-40EF-8181-606BB204A3E8}.Release|x86.ActiveCfg = Release|Any CPU
		{92175FCB-8B5B-40EF-8181-606BB204A3E8}.Release|x86.Build.0 = Release|Any CPU
		{E5396D8C-6391-4CE8-97FB-755A4335E7B7}.Debug|Any CPU.ActiveCfg = Debug|Any CPU
		{E5396D8C-6391-4CE8-97FB-755A4335E7B7}.Debug|Any CPU.Build.0 = Debug|Any CPU
		{E5396D8C-6391-4CE8-97FB-755A4335E7B7}.Debug|x64.ActiveCfg = Debug|Any CPU
		{E5396D8C-6391-4CE8-97FB-755A4335E7B7}.Debug|x64.Build.0 = Debug|Any CPU
		{E5396D8C-6391-4CE8-97FB-755A4335E7B7}.Debug|x86.ActiveCfg = Debug|Any CPU
		{E5396D8C-6391-4CE8-97FB-755A4335E7B7}.Debug|x86.Build.0 = Debug|Any CPU
		{E5396D8C-6391-4CE8-97FB-755A4335E7B7}.Release|Any CPU.ActiveCfg = Release|Any CPU
		{E5396D8C-6391-4CE8-97FB-755A4335E7B7}.Release|Any CPU.Build.0 = Release|Any CPU
		{E5396D8C-6391-4CE8-97FB-755A4335E7B7}.Release|x64.ActiveCfg = Release|Any CPU
		{E5396D8C-6391-4CE8-97FB-755A4335E7B7}.Release|x64.Build.0 = Release|Any CPU
		{E5396D8C-6391-4CE8-97FB-755A4335E7B7}.Release|x86.ActiveCfg = Release|Any CPU
		{E5396D8C-6391-4CE8-97FB-755A4335E7B7}.Release|x86.Build.0 = Release|Any CPU
		{7E75A644-E0E6-47BC-9FF0-21E66059B442}.Debug|Any CPU.ActiveCfg = Debug|Any CPU
		{7E75A644-E0E6-47BC-9FF0-21E66059B442}.Debug|Any CPU.Build.0 = Debug|Any CPU
		{7E75A644-E0E6-47BC-9FF0-21E66059B442}.Debug|x64.ActiveCfg = Debug|Any CPU
		{7E75A644-E0E6-47BC-9FF0-21E66059B442}.Debug|x64.Build.0 = Debug|Any CPU
		{7E75A644-E0E6-47BC-9FF0-21E66059B442}.Debug|x86.ActiveCfg = Debug|Any CPU
		{7E75A644-E0E6-47BC-9FF0-21E66059B442}.Debug|x86.Build.0 = Debug|Any CPU
		{7E75A644-E0E6-47BC-9FF0-21E66059B442}.Release|Any CPU.ActiveCfg = Release|Any CPU
		{7E75A644-E0E6-47BC-9FF0-21E66059B442}.Release|Any CPU.Build.0 = Release|Any CPU
		{7E75A644-E0E6-47BC-9FF0-21E66059B442}.Release|x64.ActiveCfg = Release|Any CPU
		{7E75A644-E0E6-47BC-9FF0-21E66059B442}.Release|x64.Build.0 = Release|Any CPU
		{7E75A644-E0E6-47BC-9FF0-21E66059B442}.Release|x86.ActiveCfg = Release|Any CPU
		{7E75A644-E0E6-47BC-9FF0-21E66059B442}.Release|x86.Build.0 = Release|Any CPU
	EndGlobalSection
	GlobalSection(SolutionProperties) = preSolution
		HideSolutionNode = FALSE
	EndGlobalSection
	GlobalSection(NestedProjects) = preSolution
		{048E2030-C689-49F1-B7EE-50AE8E6744EC} = {827E0CD3-B72D-47B6-A68D-7590B98EB39B}
		{7BE88DEF-7B39-42B2-919B-57CB94503E29} = {827E0CD3-B72D-47B6-A68D-7590B98EB39B}
		{7D7E3B03-B59C-4472-B006-803C395043A8} = {827E0CD3-B72D-47B6-A68D-7590B98EB39B}
		{B8E12DB5-4A80-473B-8C45-AF5EDFB9D1E8} = {827E0CD3-B72D-47B6-A68D-7590B98EB39B}
		{368E9902-DD89-4EBF-BA5E-E3F503BADCFE} = {827E0CD3-B72D-47B6-A68D-7590B98EB39B}
		{63705F69-76AD-4D41-AA19-5CA4A0AA72F6} = {827E0CD3-B72D-47B6-A68D-7590B98EB39B}
		{6920C40C-2FA5-4875-BF8B-690E14A3F4A2} = {827E0CD3-B72D-47B6-A68D-7590B98EB39B}
		{2C463D30-9928-4AC9-A2B0-DFD1E3BAF2DF} = {0AB3BF05-4346-4AA6-1389-037BE0695223}
		{B31EC5A2-5725-4067-A23B-4799A16323B4} = {0AB3BF05-4346-4AA6-1389-037BE0695223}
		{92175FCB-8B5B-40EF-8181-606BB204A3E8} = {0AB3BF05-4346-4AA6-1389-037BE0695223}
		{5771F40E-8DA4-C0C8-48AF-A44DF9361AD3} = {827E0CD3-B72D-47B6-A68D-7590B98EB39B}
		{E5396D8C-6391-4CE8-97FB-755A4335E7B7} = {5771F40E-8DA4-C0C8-48AF-A44DF9361AD3}
		{7E75A644-E0E6-47BC-9FF0-21E66059B442} = {5771F40E-8DA4-C0C8-48AF-A44DF9361AD3}
	EndGlobalSection
EndGlobal
